// !$*UTF8*$!
{
	archiveVersion = 1;
	classes = {
	};
	objectVersion = 77;
	objects = {

/* Begin PBXBuildFile section */
		2656B9BA3DF1E08E8DB14636 /* LoopApp.swift in Sources */ = {isa = PBXBuildFile; fileRef = AEFB117678F54DEFBA20E4C1 /* LoopApp.swift */; };
		5D272AADEDD6C82813B02DC4 /* BluetoothManager.swift in Sources */ = {isa = PBXBuildFile; fileRef = 7E2079361FAA1BAA9A9AB3F4 /* BluetoothManager.swift */; };
		83556397E0F611282D10A1BA /* ContentView.swift in Sources */ = {isa = PBXBuildFile; fileRef = 4C1145914486FDF64CEC8499 /* ContentView.swift */; };
		B6BE229954E4EF8BA7386594 /* NotificationManager.swift in Sources */ = {isa = PBXBuildFile; fileRef = 42F8DE99DC53417A8422E352 /* NotificationManager.swift */; };
/* End PBXBuildFile section */

/* Begin PBXFileReference section */
		06590EC8437161B18319CB7B /* Info.plist */ = {isa = PBXFileReference; lastKnownFileType = text.plist; path = Info.plist; sourceTree = "<group>"; };
		42F8DE99DC53417A8422E352 /* NotificationManager.swift */ = {isa = PBXFileReference; lastKnownFileType = sourcecode.swift; path = NotificationManager.swift; sourceTree = "<group>"; };
		4C1145914486FDF64CEC8499 /* ContentView.swift */ = {isa = PBXFileReference; lastKnownFileType = sourcecode.swift; path = ContentView.swift; sourceTree = "<group>"; };
		7E2079361FAA1BAA9A9AB3F4 /* BluetoothManager.swift */ = {isa = PBXFileReference; lastKnownFileType = sourcecode.swift; path = BluetoothManager.swift; sourceTree = "<group>"; };
		9B818655D0534B4944342D68 /* TheLoop.app */ = {isa = PBXFileReference; includeInIndex = 0; lastKnownFileType = wrapper.application; path = TheLoop.app; sourceTree = BUILT_PRODUCTS_DIR; };
		AEFB117678F54DEFBA20E4C1 /* LoopApp.swift */ = {isa = PBXFileReference; lastKnownFileType = sourcecode.swift; path = LoopApp.swift; sourceTree = "<group>"; };
/* End PBXFileReference section */

/* Begin PBXGroup section */
		73713732F683734922412FD6 = {
			isa = PBXGroup;
			children = (
				AB5F8C09334187DC3EC67102 /* TheLoopLocal */,
				EA5BB03DC73C829C6847AC13 /* Products */,
			);
			sourceTree = "<group>";
		};
		AB5F8C09334187DC3EC67102 /* TheLoopLocal */ = {
			isa = PBXGroup;
			children = (
				7E2079361FAA1BAA9A9AB3F4 /* BluetoothManager.swift */,
				4C1145914486FDF64CEC8499 /* ContentView.swift */,
				06590EC8437161B18319CB7B /* Info.plist */,
				AEFB117678F54DEFBA20E4C1 /* LoopApp.swift */,
				42F8DE99DC53417A8422E352 /* NotificationManager.swift */,
			);
			name = TheLoopLocal;
			path = .;
			sourceTree = "<group>";
		};
		EA5BB03DC73C829C6847AC13 /* Products */ = {
			isa = PBXGroup;
			children = (
				9B818655D0534B4944342D68 /* TheLoop.app */,
			);
			name = Products;
			sourceTree = "<group>";
		};
/* End PBXGroup section */

/* Begin PBXNativeTarget section */
		EFCE13026E0956ECBDB31EC8 /* TheLoop */ = {
			isa = PBXNativeTarget;
			buildConfigurationList = 60B90626E29702038B1AA840 /* Build configuration list for PBXNativeTarget "TheLoop" */;
			buildPhases = (
				92C0DE138D5CB22C2417B75F /* Sources */,
			);
			buildRules = (
			);
			dependencies = (
			);
			name = TheLoop;
			packageProductDependencies = (
			);
			productName = TheLoop;
			productReference = 9B818655D0534B4944342D68 /* TheLoop.app */;
			productType = "com.apple.product-type.application";
		};
/* End PBXNativeTarget section */

/* Begin PBXProject section */
		FF6DF6E47F46460E9E2396FA /* Project object */ = {
			isa = PBXProject;
			attributes = {
				BuildIndependentTargetsInParallel = YES;
				LastUpgradeCheck = 1430;
				TargetAttributes = {
					EFCE13026E0956ECBDB31EC8 = {
						DevelopmentTeam = "";
					};
				};
			};
			buildConfigurationList = C8D74A9210FB86ABE84D5415 /* Build configuration list for PBXProject "TheLoop" */;
			developmentRegion = en;
			hasScannedForEncodings = 0;
			knownRegions = (
				Base,
				en,
			);
			mainGroup = 73713732F683734922412FD6;
			minimizedProjectReferenceProxies = 1;
			preferredProjectObjectVersion = 77;
			productRefGroup = EA5BB03DC73C829C6847AC13 /* Products */;
			projectDirPath = "";
			projectRoot = "";
			targets = (
				EFCE13026E0956ECBDB31EC8 /* TheLoop */,
			);
		};
/* End PBXProject section */

/* Begin PBXSourcesBuildPhase section */
		92C0DE138D5CB22C2417B75F /* Sources */ = {
			isa = PBXSourcesBuildPhase;
			buildActionMask = 2147483647;
			files = (
				5D272AADEDD6C82813B02DC4 /* BluetoothManager.swift in Sources */,
				83556397E0F611282D10A1BA /* ContentView.swift in Sources */,
				2656B9BA3DF1E08E8DB14636 /* LoopApp.swift in Sources */,
				B6BE229954E4EF8BA7386594 /* NotificationManager.swift in Sources */,
			);
			runOnlyForDeploymentPostprocessing = 0;
		};
/* End PBXSourcesBuildPhase section */

/* Begin XCBuildConfiguration section */
		0AB0C23F3C3AF6EE2BA5952A /* Debug */ = {
			isa = XCBuildConfiguration;
			buildSettings = {
				ALWAYS_SEARCH_USER_PATHS = NO;
				CLANG_ANALYZER_NONNULL = YES;
				CLANG_ANALYZER_NUMBER_OBJECT_CONVERSION = YES_AGGRESSIVE;
				CLANG_CXX_LANGUAGE_STANDARD = "gnu++14";
				CLANG_CXX_LIBRARY = "libc++";
				CLANG_ENABLE_MODULES = YES;
				CLANG_ENABLE_OBJC_ARC = YES;
				CLANG_ENABLE_OBJC_WEAK = YES;
				CLANG_WARN_BLOCK_CAPTURE_AUTORELEASING = YES;
				CLANG_WARN_BOOL_CONVERSION = YES;
				CLANG_WARN_COMMA = YES;
				CLANG_WARN_CONSTANT_CONVERSION = YES;
				CLANG_WARN_DEPRECATED_OBJC_IMPLEMENTATIONS = YES;
				CLANG_WARN_DIRECT_OBJC_ISA_USAGE = YES_ERROR;
				CLANG_WARN_DOCUMENTATION_COMMENTS = YES;
				CLANG_WARN_EMPTY_BODY = YES;
				CLANG_WARN_ENUM_CONVERSION = YES;
				CLANG_WARN_INFINITE_RECURSION = YES;
				CLANG_WARN_INT_CONVERSION = YES;
				CLANG_WARN_NON_LITERAL_NULL_CONVERSION = YES;
				CLANG_WARN_OBJC_IMPLICIT_RETAIN_SELF = YES;
				CLANG_WARN_OBJC_LITERAL_CONVERSION = YES;
				CLANG_WARN_OBJC_ROOT_CLASS = YES_ERROR;
				CLANG_WARN_QUOTED_INCLUDE_IN_FRAMEWORK_HEADER = YES;
				CLANG_WARN_RANGE_LOOP_ANALYSIS = YES;
				CLANG_WARN_STRICT_PROTOTYPES = YES;
				CLANG_WARN_SUSPICIOUS_MOVE = YES;
				CLANG_WARN_UNGUARDED_AVAILABILITY = YES_AGGRESSIVE;
				CLANG_WARN_UNREACHABLE_CODE = YES;
				CLANG_WARN__DUPLICATE_METHOD_MATCH = YES;
				COPY_PHASE_STRIP = NO;
				DEBUG_INFORMATION_FORMAT = dwarf;
				ENABLE_STRICT_OBJC_MSGSEND = YES;
				ENABLE_TESTABILITY = YES;
				GCC_C_LANGUAGE_STANDARD = gnu11;
				GCC_DYNAMIC_NO_PIC = NO;
				GCC_NO_COMMON_BLOCKS = YES;
				GCC_OPTIMIZATION_LEVEL = 0;
				GCC_PREPROCESSOR_DEFINITIONS = (
					"$(inherited)",
					"DEBUG=1",
				);
				GCC_WARN_64_TO_32_BIT_CONVERSION = YES;
				GCC_WARN_ABOUT_RETURN_TYPE = YES_ERROR;
				GCC_WARN_UNDECLARED_SELECTOR = YES;
				GCC_WARN_UNINITIALIZED_AUTOS = YES_AGGRESSIVE;
				GCC_WARN_UNUSED_FUNCTION = YES;
				GCC_WARN_UNUSED_VARIABLE = YES;
				MTL_ENABLE_DEBUG_INFO = INCLUDE_SOURCE;
				MTL_FAST_MATH = YES;
				ONLY_ACTIVE_ARCH = YES;
				PRODUCT_NAME = "$(TARGET_NAME)";
				SDKROOT = iphoneos;
				SWIFT_ACTIVE_COMPILATION_CONDITIONS = DEBUG;
				SWIFT_OPTIMIZATION_LEVEL = "-Onone";
				SWIFT_VERSION = 5.0;
			};
			name = Debug;
		};
		7B50F3F69B729DFC4D58238D /* Debug */ = {
			isa = XCBuildConfiguration;
			buildSettings = {
				ASSETCATALOG_COMPILER_APPICON_NAME = AppIcon;
				CODE_SIGN_IDENTITY = "iPhone Developer";
				DEVELOPMENT_TEAM = "";
				INFOPLIST_FILE = Info.plist;
				INFOPLIST_KEY_UIBackgroundModes = (
					"bluetooth-central",
					"bluetooth-peripheral",
					fetch,
				);
				IPHONEOS_DEPLOYMENT_TARGET = 17.0;
				LD_RUNPATH_SEARCH_PATHS = (
					"$(inherited)",
					"@executable_path/Frameworks",
				);
				PRODUCT_BUNDLE_IDENTIFIER = com.joshuafitzgerald.TheLoop;
				SDKROOT = iphoneos;
				TARGETED_DEVICE_FAMILY = "1,2";
			};
			name = Debug;
		};
		AE3982A36943AE8F1F5157A2 /* Release */ = {
			isa = XCBuildConfiguration;
			buildSettings = {
				ALWAYS_SEARCH_USER_PATHS = NO;
				CLANG_ANALYZER_NONNULL = YES;
				CLANG_ANALYZER_NUMBER_OBJECT_CONVERSION = YES_AGGRESSIVE;
				CLANG_CXX_LANGUAGE_STANDARD = "gnu++14";
				CLANG_CXX_LIBRARY = "libc++";
				CLANG_ENABLE_MODULES = YES;
				CLANG_ENABLE_OBJC_ARC = YES;
				CLANG_ENABLE_OBJC_WEAK = YES;
				CLANG_WARN_BLOCK_CAPTURE_AUTORELEASING = YES;
				CLANG_WARN_BOOL_CONVERSION = YES;
				CLANG_WARN_COMMA = YES;
				CLANG_WARN_CONSTANT_CONVERSION = YES;
				CLANG_WARN_DEPRECATED_OBJC_IMPLEMENTATIONS = YES;
				CLANG_WARN_DIRECT_OBJC_ISA_USAGE = YES_ERROR;
				CLANG_WARN_DOCUMENTATION_COMMENTS = YES;
				CLANG_WARN_EMPTY_BODY = YES;
				CLANG_WARN_ENUM_CONVERSION = YES;
				CLANG_WARN_INFINITE_RECURSION = YES;
				CLANG_WARN_INT_CONVERSION = YES;
				CLANG_WARN_NON_LITERAL_NULL_CONVERSION = YES;
				CLANG_WARN_OBJC_IMPLICIT_RETAIN_SELF = YES;
				CLANG_WARN_OBJC_LITERAL_CONVERSION = YES;
				CLANG_WARN_OBJC_ROOT_CLASS = YES_ERROR;
				CLANG_WARN_QUOTED_INCLUDE_IN_FRAMEWORK_HEADER = YES;
				CLANG_WARN_RANGE_LOOP_ANALYSIS = YES;
				CLANG_WARN_STRICT_PROTOTYPES = YES;
				CLANG_WARN_SUSPICIOUS_MOVE = YES;
				CLANG_WARN_UNGUARDED_AVAILABILITY = YES_AGGRESSIVE;
				CLANG_WARN_UNREACHABLE_CODE = YES;
				CLANG_WARN__DUPLICATE_METHOD_MATCH = YES;
				COPY_PHASE_STRIP = NO;
				DEBUG_INFORMATION_FORMAT = "dwarf-with-dsym";
				ENABLE_NS_ASSERTIONS = NO;
				ENABLE_STRICT_OBJC_MSGSEND = YES;
				GCC_C_LANGUAGE_STANDARD = gnu11;
				GCC_NO_COMMON_BLOCKS = YES;
				GCC_WARN_64_TO_32_BIT_CONVERSION = YES;
				GCC_WARN_ABOUT_RETURN_TYPE = YES_ERROR;
				GCC_WARN_UNDECLARED_SELECTOR = YES;
				GCC_WARN_UNINITIALIZED_AUTOS = YES_AGGRESSIVE;
				GCC_WARN_UNUSED_FUNCTION = YES;
				GCC_WARN_UNUSED_VARIABLE = YES;
				MTL_ENABLE_DEBUG_INFO = NO;
				MTL_FAST_MATH = YES;
				PRODUCT_NAME = "$(TARGET_NAME)";
				SDKROOT = iphoneos;
				SWIFT_COMPILATION_MODE = wholemodule;
				SWIFT_OPTIMIZATION_LEVEL = "-O";
				SWIFT_VERSION = 5.0;
			};
			name = Release;
		};
		BEA78DE27781ACEAF1A9D101 /* Release */ = {
			isa = XCBuildConfiguration;
			buildSettings = {
				ASSETCATALOG_COMPILER_APPICON_NAME = AppIcon;
				CODE_SIGN_IDENTITY = "iPhone Developer";
				DEVELOPMENT_TEAM = "";
				INFOPLIST_FILE = Info.plist;
				INFOPLIST_KEY_UIBackgroundModes = (
					"bluetooth-central",
					"bluetooth-peripheral",
					fetch,
				);
				IPHONEOS_DEPLOYMENT_TARGET = 17.0;
				LD_RUNPATH_SEARCH_PATHS = (
					"$(inherited)",
					"@executable_path/Frameworks",
				);
				PRODUCT_BUNDLE_IDENTIFIER = com.joshuafitzgerald.TheLoop;
				SDKROOT = iphoneos;
				TARGETED_DEVICE_FAMILY = "1,2";
			};
			name = Release;
		};
/* End XCBuildConfiguration section */

/* Begin XCConfigurationList section */
		60B90626E29702038B1AA840 /* Build configuration list for PBXNativeTarget "TheLoop" */ = {
			isa = XCConfigurationList;
			buildConfigurations = (
				7B50F3F69B729DFC4D58238D /* Debug */,
				BEA78DE27781ACEAF1A9D101 /* Release */,
			);
			defaultConfigurationIsVisible = 0;
			defaultConfigurationName = Debug;
		};
		C8D74A9210FB86ABE84D5415 /* Build configuration list for PBXProject "TheLoop" */ = {
			isa = XCConfigurationList;
			buildConfigurations = (
				0AB0C23F3C3AF6EE2BA5952A /* Debug */,
				AE3982A36943AE8F1F5157A2 /* Release */,
			);
			defaultConfigurationIsVisible = 0;
			defaultConfigurationName = Debug;
		};
/* End XCConfigurationList section */
	};
	rootObject = FF6DF6E47F46460E9E2396FA /* Project object */;
}
